
Microsoft Visual Studio Solution File, Format Version 12.00
# Visual Studio 14
VisualStudioVersion = 14.0.25123.0
MinimumVisualStudioVersion = 10.0.40219.1
Project("{FAE04EC0-301F-11D3-BF4B-00C04F79EFBC}") = "Blank-Receipt", "Methods-and-Debugging-Lab\Blank-Receipt.csproj", "{2DDB25EC-8BDC-4B07-972A-77081762F151}"
EndProject
Project("{FAE04EC0-301F-11D3-BF4B-00C04F79EFBC}") = "Sign-of-Integer-Number", "Sign-of-Integer-Number\Sign-of-Integer-Number.csproj", "{1C968947-557D-4A10-BD07-7F24E481F820}"
EndProject
Project("{FAE04EC0-301F-11D3-BF4B-00C04F79EFBC}") = "Print-Triangle", "Print-Triangle\Print-Triangle.csproj", "{BC8C135A-5B01-4163-9271-C31006C1F459}"
EndProject
Project("{FAE04EC0-301F-11D3-BF4B-00C04F79EFBC}") = "Draw-a-Filled-Square", "Draw-a-Filled-Square\Draw-a-Filled-Square.csproj", "{4D0D7C80-956A-4BE3-82EA-30E00814AA06}"
EndProject
Project("{FAE04EC0-301F-11D3-BF4B-00C04F79EFBC}") = "Calculate-Triangle-Area", "Calculate-Triangle-Area\Calculate-Triangle-Area.csproj", "{570E2460-F4DB-4813-AC5A-F2DB0C5077E2}"
EndProject
Project("{FAE04EC0-301F-11D3-BF4B-00C04F79EFBC}") = "Math-Power", "Math-Power\Math-Power.csproj", "{20CFBAD7-EE79-4EA1-9EA4-CCB1E99CECD4}"
EndProject
Project("{FAE04EC0-301F-11D3-BF4B-00C04F79EFBC}") = "Greater-of-Two-Values", "Greater-of-Two-Values\Greater-of-Two-Values.csproj", "{96311EBD-3537-4044-A48D-3E230F287364}"
EndProject
Project("{FAE04EC0-301F-11D3-BF4B-00C04F79EFBC}") = "Multiply-Evens-by-Odds", "Multiply-Evens-by-Odds\Multiply-Evens-by-Odds.csproj", "{C4517ECC-CFA2-48FA-9D36-153FEF039E7A}"
EndProject
Project("{FAE04EC0-301F-11D3-BF4B-00C04F79EFBC}") = "Holidays-Between-Two-Dates", "Holidays-Between-Two-Dates\Holidays-Between-Two-Dates.csproj", "{7552A4C8-BA16-4DEE-8D7A-2DCA9E9F9DB0}"
EndProject
Project("{FAE04EC0-301F-11D3-BF4B-00C04F79EFBC}") = "Price-Change-Alert", "Price-Change-Alert\Price-Change-Alert.csproj", "{46F4D648-B997-4BFA-9AD7-0E36639A7327}"
EndProject
Global
	GlobalSection(SolutionConfigurationPlatforms) = preSolution
		Debug|Any CPU = Debug|Any CPU
		Release|Any CPU = Release|Any CPU
	EndGlobalSection
	GlobalSection(ProjectConfigurationPlatforms) = postSolution
		{2DDB25EC-8BDC-4B07-972A-77081762F151}.Debug|Any CPU.ActiveCfg = Debug|Any CPU
		{2DDB25EC-8BDC-4B07-972A-77081762F151}.Debug|Any CPU.Build.0 = Debug|Any CPU
		{2DDB25EC-8BDC-4B07-972A-77081762F151}.Release|Any CPU.ActiveCfg = Release|Any CPU
		{2DDB25EC-8BDC-4B07-972A-77081762F151}.Release|Any CPU.Build.0 = Release|Any CPU
		{1C968947-557D-4A10-BD07-7F24E481F820}.Debug|Any CPU.ActiveCfg = Debug|Any CPU
		{1C968947-557D-4A10-BD07-7F24E481F820}.Debug|Any CPU.Build.0 = Debug|Any CPU
		{1C968947-557D-4A10-BD07-7F24E481F820}.Release|Any CPU.ActiveCfg = Release|Any CPU
		{1C968947-557D-4A10-BD07-7F24E481F820}.Release|Any CPU.Build.0 = Release|Any CPU
		{BC8C135A-5B01-4163-9271-C31006C1F459}.Debug|Any CPU.ActiveCfg = Debug|Any CPU
		{BC8C135A-5B01-4163-9271-C31006C1F459}.Debug|Any CPU.Build.0 = Debug|Any CPU
		{BC8C135A-5B01-4163-9271-C31006C1F459}.Release|Any CPU.ActiveCfg = Release|Any CPU
		{BC8C135A-5B01-4163-9271-C31006C1F459}.Release|Any CPU.Build.0 = Release|Any CPU
		{4D0D7C80-956A-4BE3-82EA-30E00814AA06}.Debug|Any CPU.ActiveCfg = Debug|Any CPU
		{4D0D7C80-956A-4BE3-82EA-30E00814AA06}.Debug|Any CPU.Build.0 = Debug|Any CPU
		{4D0D7C80-956A-4BE3-82EA-30E00814AA06}.Release|Any CPU.ActiveCfg = Release|Any CPU
		{4D0D7C80-956A-4BE3-82EA-30E00814AA06}.Release|Any CPU.Build.0 = Release|Any CPU
		{570E2460-F4DB-4813-AC5A-F2DB0C5077E2}.Debug|Any CPU.ActiveCfg = Debug|Any CPU
		{570E2460-F4DB-4813-AC5A-F2DB0C5077E2}.Debug|Any CPU.Build.0 = Debug|Any CPU
		{570E2460-F4DB-4813-AC5A-F2DB0C5077E2}.Release|Any CPU.ActiveCfg = Release|Any CPU
		{570E2460-F4DB-4813-AC5A-F2DB0C5077E2}.Release|Any CPU.Build.0 = Release|Any CPU
		{20CFBAD7-EE79-4EA1-9EA4-CCB1E99CECD4}.Debug|Any CPU.ActiveCfg = Debug|Any CPU
		{20CFBAD7-EE79-4EA1-9EA4-CCB1E99CECD4}.Debug|Any CPU.Build.0 = Debug|Any CPU
		{20CFBAD7-EE79-4EA1-9EA4-CCB1E99CECD4}.Release|Any CPU.ActiveCfg = Release|Any CPU
		{20CFBAD7-EE79-4EA1-9EA4-CCB1E99CECD4}.Release|Any CPU.Build.0 = Release|Any CPU
		{96311EBD-3537-4044-A48D-3E230F287364}.Debug|Any CPU.ActiveCfg = Debug|Any CPU
		{96311EBD-3537-4044-A48D-3E230F287364}.Debug|Any CPU.Build.0 = Debug|Any CPU
		{96311EBD-3537-4044-A48D-3E230F287364}.Release|Any CPU.ActiveCfg = Release|Any CPU
		{96311EBD-3537-4044-A48D-3E230F287364}.Release|Any CPU.Build.0 = Release|Any CPU
		{C4517ECC-CFA2-48FA-9D36-153FEF039E7A}.Debug|Any CPU.ActiveCfg = Debug|Any CPU
		{C4517ECC-CFA2-48FA-9D36-153FEF039E7A}.Debug|Any CPU.Build.0 = Debug|Any CPU
		{C4517ECC-CFA2-48FA-9D36-153FEF039E7A}.Release|Any CPU.ActiveCfg = Release|Any CPU
		{C4517ECC-CFA2-48FA-9D36-153FEF039E7A}.Release|Any CPU.Build.0 = Release|Any CPU
		{7552A4C8-BA16-4DEE-8D7A-2DCA9E9F9DB0}.Debug|Any CPU.ActiveCfg = Debug|Any CPU
		{7552A4C8-BA16-4DEE-8D7A-2DCA9E9F9DB0}.Debug|Any CPU.Build.0 = Debug|Any CPU
		{7552A4C8-BA16-4DEE-8D7A-2DCA9E9F9DB0}.Release|Any CPU.ActiveCfg = Release|Any CPU
		{7552A4C8-BA16-4DEE-8D7A-2DCA9E9F9DB0}.Release|Any CPU.Build.0 = Release|Any CPU
		{46F4D648-B997-4BFA-9AD7-0E36639A7327}.Debug|Any CPU.ActiveCfg = Debug|Any CPU
		{46F4D648-B997-4BFA-9AD7-0E36639A7327}.Debug|Any CPU.Build.0 = Debug|Any CPU
		{46F4D648-B997-4BFA-9AD7-0E36639A7327}.Release|Any CPU.ActiveCfg = Release|Any CPU
		{46F4D648-B997-4BFA-9AD7-0E36639A7327}.Release|Any CPU.Build.0 = Release|Any CPU
	EndGlobalSection
	GlobalSection(SolutionProperties) = preSolution
		HideSolutionNode = FALSE
	EndGlobalSection
EndGlobal
